
Microsoft Visual Studio Solution File, Format Version 12.00
# Visual Studio Version 17
VisualStudioVersion = 17.6.33723.286
MinimumVisualStudioVersion = 10.0.40219.1
Project("{FAE04EC0-301F-11D3-BF4B-00C04F79EFBC}") = "FutureFacePractice", "FutureFacePractice.csproj", "{155C31B6-B8CC-4636-9292-BE9FDF8A2A6F}"
EndProject
Global
	GlobalSection(SolutionConfigurationPlatforms) = preSolution
		Debug|Any CPU = Debug|Any CPU
		Release|Any CPU = Release|Any CPU
	EndGlobalSection
	GlobalSection(ProjectConfigurationPlatforms) = postSolution
		{155C31B6-B8CC-4636-9292-BE9FDF8A2A6F}.Debug|Any CPU.ActiveCfg = Debug|Any CPU
		{155C31B6-B8CC-4636-9292-BE9FDF8A2A6F}.Debug|Any CPU.Build.0 = Debug|Any CPU
		{155C31B6-B8CC-4636-9292-BE9FDF8A2A6F}.Release|Any CPU.ActiveCfg = Release|Any CPU
		{155C31B6-B8CC-4636-9292-BE9FDF8A2A6F}.Release|Any CPU.Build.0 = Release|Any CPU
	EndGlobalSection
	GlobalSection(SolutionProperties) = preSolution
		HideSolutionNode = FALSE
	EndGlobalSection
	GlobalSection(ExtensibilityGlobals) = postSolution
		SolutionGuid = {B76A3A7B-AC60-4912-81E5-FCA7F0A7C06F}
	EndGlobalSection
EndGlobal
